{
    "version": 3,
    "terraform_version": "0.11.7",
    "serial": 3,
    "lineage": "bef1daf5-adcd-6215-52fd-9bb7b9af334a",
    "modules": [
        {
            "path": [
                "root"
            ],
            "outputs": {},
            "resources": {
                "aws_key_pair.default": {
                    "type": "aws_key_pair",
                    "depends_on": [],
                    "primary": {
                        "id": "clusterkp",
                        "attributes": {
                            "id": "clusterkp",
                            "key_name": "clusterkp",
                            "public_key": "ssh-rsa AAAAB3NzaC1yc2EAAAADAQABAAABAQCd5Jds+eK2vORqK8HfnmKjIzBckXwO/OGBWAr/g9Sw5wGfuGUFNTExwtlj7DxZ5nxIWtOh/sPDO0lW8E4FupLuyqzIWCsWB+WDk4I0UjoQNTDEqfbgOUIGN8JKpWjSiIGv55/M1dSLXA4o7dCbvVScxa2kF2we65OKOFXfBg2AXuei6UjgsVnh6tqvlDksmRvvb8jIyq6RqVJvHo5U0foDyeE1S4am2a25VAoPSteF1/hqBj9DFbrZ3GiQFHaFXX6h26gf+pqaGJuq8eZOZ7u4qXzOUQkQscza9VzbcIFraCbic2PzZnRRTYljXU4SHd+3dS21LVWDUQYeSBh6j481"
                        },
                        "meta": {
                            "schema_version": "1"
                        },
                        "tainted": false
                    },
                    "deposed": [],
                    "provider": "provider.aws"
                },
                "aws_security_group.default": {
                    "type": "aws_security_group",
                    "depends_on": [],
                    "primary": {
                        "id": "sg-7b863711",
                        "attributes": {
                            "arn": "arn:aws:ec2:us-east-2:843449035528:security-group/sg-7b863711",
                            "description": "Managed by Terraform",
                            "egress.#": "1",
                            "egress.1403647648.cidr_blocks.#": "1",
                            "egress.1403647648.cidr_blocks.0": "0.0.0.0/0",
                            "egress.1403647648.description": "",
                            "egress.1403647648.from_port": "0",
                            "egress.1403647648.ipv6_cidr_blocks.#": "0",
                            "egress.1403647648.prefix_list_ids.#": "0",
                            "egress.1403647648.protocol": "tcp",
                            "egress.1403647648.security_groups.#": "0",
                            "egress.1403647648.self": "false",
                            "egress.1403647648.to_port": "65535",
                            "id": "sg-7b863711",
                            "ingress.#": "2",
                            "ingress.1403647648.cidr_blocks.#": "1",
                            "ingress.1403647648.cidr_blocks.0": "0.0.0.0/0",
                            "ingress.1403647648.description": "",
                            "ingress.1403647648.from_port": "0",
                            "ingress.1403647648.ipv6_cidr_blocks.#": "0",
                            "ingress.1403647648.protocol": "tcp",
                            "ingress.1403647648.security_groups.#": "0",
                            "ingress.1403647648.self": "false",
                            "ingress.1403647648.to_port": "65535",
                            "ingress.1799340084.cidr_blocks.#": "1",
                            "ingress.1799340084.cidr_blocks.0": "0.0.0.0/0",
                            "ingress.1799340084.description": "",
                            "ingress.1799340084.from_port": "-1",
                            "ingress.1799340084.ipv6_cidr_blocks.#": "0",
                            "ingress.1799340084.protocol": "icmp",
                            "ingress.1799340084.security_groups.#": "0",
                            "ingress.1799340084.self": "false",
                            "ingress.1799340084.to_port": "-1",
                            "name": "sgswarmcluster",
                            "owner_id": "843449035528",
                            "revoke_rules_on_delete": "false",
                            "tags.%": "0",
                            "vpc_id": "vpc-b3246cdb"
                        },
                        "meta": {
                            "e2bfb730-ecaa-11e6-8f88-34363bc7c4c0": {
                                "create": 600000000000,
                                "delete": 600000000000
                            },
                            "schema_version": "1"
                        },
                        "tainted": false
                    },
                    "deposed": [],
                    "provider": "provider.aws"
                }
            },
            "depends_on": []
        }
    ]
}
